dependencies:
- name: app-template
  repository: https://bjw-s-labs.github.io/helm-charts
  version: 5.0.1
- name: app-template
  repository: https://bjw-s-labs.github.io/helm-charts
  version: 5.0.1
- name: app-template
  repository: https://bjw-s-labs.github.io/helm-charts
  version: 5.0.1
- name: app-template
  repository: https://bjw-s-labs.github.io/helm-charts
  version: 5.0.1
- name: app-template
  repository: https://bjw-s-labs.github.io/helm-charts
  version: 5.0.1
- name: app-template
  repository: https://bjw-s-labs.github.io/helm-charts
  version: 5.0.1
- name: app-template
  repository: https://bjw-s-labs.github.io/helm-charts
  version: 5.0.1
- name: app-template
  repository: https://bjw-s-labs.github.io/helm-charts
  version: 5.0.1
- name: app-template
  repository: https://bjw-s-labs.github.io/helm-charts
  version: 5.0.1
- name: app-template
  repository: https://bjw-s-labs.github.io/helm-charts
  version: 5.0.1
- name: app-template
  repository: https://bjw-s-labs.github.io/helm-charts
  version: 5.0.1
- name: app-template
  repository: https://bjw-s-labs.github.io/helm-charts
  version: 5.0.1
- name: app-template
  repository: https://bjw-s-labs.github.io/helm-charts
  version: 5.0.1
- name: app-template
  repository: https://bjw-s-labs.github.io/helm-charts
  version: 5.0.1
digest: sha256:27855de5e674d12b5d8a4281f0084d383cf874801fb3e1d65232e860a8349d16
generated: "2026-07-25T20:34:57.468352935+11:00"
