dependencies:
- name: app-template
  repository: https://bjw-s-labs.github.io/helm-charts
  version: 5.0.0
- name: app-template
  repository: https://bjw-s-labs.github.io/helm-charts
  version: 5.0.0
- name: app-template
  repository: https://bjw-s-labs.github.io/helm-charts
  version: 5.0.0
- name: app-template
  repository: https://bjw-s-labs.github.io/helm-charts
  version: 5.0.0
- name: app-template
  repository: https://bjw-s-labs.github.io/helm-charts
  version: 5.0.0
- name: app-template
  repository: https://bjw-s-labs.github.io/helm-charts
  version: 5.0.0
- name: app-template
  repository: https://bjw-s-labs.github.io/helm-charts
  version: 5.0.0
- name: app-template
  repository: https://bjw-s-labs.github.io/helm-charts
  version: 5.0.0
- name: app-template
  repository: https://bjw-s-labs.github.io/helm-charts
  version: 5.0.0
- name: app-template
  repository: https://bjw-s-labs.github.io/helm-charts
  version: 5.0.0
- name: app-template
  repository: https://bjw-s-labs.github.io/helm-charts
  version: 5.0.0
- name: app-template
  repository: https://bjw-s-labs.github.io/helm-charts
  version: 5.0.0
digest: sha256:f593489b07d033aa5a56b3919d54b287a0423eece2abc7f9c6e5956acfdc0b78
generated: "2026-05-31T16:41:08.923231152+11:00"
