dependencies:
- name: app-template
  repository: https://bjw-s-labs.github.io/helm-charts
  version: 5.1.0
- name: app-template
  repository: https://bjw-s-labs.github.io/helm-charts
  version: 5.1.0
- name: app-template
  repository: https://bjw-s-labs.github.io/helm-charts
  version: 5.1.0
- name: app-template
  repository: https://bjw-s-labs.github.io/helm-charts
  version: 5.1.0
- name: app-template
  repository: https://bjw-s-labs.github.io/helm-charts
  version: 5.1.0
- name: app-template
  repository: https://bjw-s-labs.github.io/helm-charts
  version: 5.1.0
- name: app-template
  repository: https://bjw-s-labs.github.io/helm-charts
  version: 5.1.0
- name: app-template
  repository: https://bjw-s-labs.github.io/helm-charts
  version: 5.1.0
- name: app-template
  repository: https://bjw-s-labs.github.io/helm-charts
  version: 5.1.0
- name: app-template
  repository: https://bjw-s-labs.github.io/helm-charts
  version: 5.1.0
- name: app-template
  repository: https://bjw-s-labs.github.io/helm-charts
  version: 5.1.0
- name: app-template
  repository: https://bjw-s-labs.github.io/helm-charts
  version: 5.1.0
- name: app-template
  repository: https://bjw-s-labs.github.io/helm-charts
  version: 5.1.0
- name: app-template
  repository: https://bjw-s-labs.github.io/helm-charts
  version: 5.1.0
digest: sha256:13f8d4c48d94b6d08ffa2129111337903b024a8dee22aa267b225a175dc64c81
generated: "2026-08-27T07:13:24.230517714Z"
